<?xml version="1.0" encoding="utf-8"?>
<Project ToolsVersion="4.0" xmlns="http://schemas.microsoft.com/developer/msbuild/2003">
  <ItemGroup>
    <Filter Include="include">
      <UniqueIdentifier>{93995380-89BD-4b04-88EB-625FBE52EBFB}</UniqueIdentifier>
      <Extensions>h;hh;hpp;hxx;hm;inl;inc;ipp;xsd</Extensions>
    </Filter>
    <Filter Include="include\xaml">
      <UniqueIdentifier>{db480663-db99-4f52-9f43-392fb6e6cd6b}</UniqueIdentifier>
    </Filter>
    <Filter Include="src">
      <UniqueIdentifier>{4FC737F1-C7A5-4376-A066-2A32D752A2FF}</UniqueIdentifier>
      <Extensions>cpp;c;cc;cxx;def;odl;idl;hpj;bat;asm;asmx</Extensions>
    </Filter>
    <Filter Include="include\xaml\markup">
      <UniqueIdentifier>{1ce7fe26-5c90-45db-a861-c81d66987e3b}</UniqueIdentifier>
    </Filter>
  </ItemGroup>
  <ItemGroup>
    <ClInclude Include="include\xaml\deserializer.hpp">
      <Filter>include\xaml</Filter>
    </ClInclude>
    <ClInclude Include="include\xaml\parser.hpp">
      <Filter>include\xaml</Filter>
    </ClInclude>
    <ClInclude Include="include\xaml\xaml_node.hpp">
      <Filter>include\xaml</Filter>
    </ClInclude>
    <ClInclude Include="include\xaml\markup\binding.hpp">
      <Filter>include\xaml\markup</Filter>
    </ClInclude>
    <ClInclude Include="include\xaml\markup\markup_extension.hpp">
      <Filter>include\xaml\markup</Filter>
    </ClInclude>
  </ItemGroup>
  <ItemGroup>
    <ClCompile Include="src\binding.cpp">
      <Filter>src</Filter>
    </ClCompile>
    <ClCompile Include="src\deserializer.cpp">
      <Filter>src</Filter>
    </ClCompile>
    <ClCompile Include="src\parser.cpp">
      <Filter>src</Filter>
    </ClCompile>
  </ItemGroup>
  <ItemGroup>
    <None Include="packages.config" />
  </ItemGroup>
</Project>