<?xml version="1.0" encoding="utf-8"?>
<Project ToolsVersion="4.0" xmlns="http://schemas.microsoft.com/developer/msbuild/2003">
  <ItemGroup>
    <Filter Include="include">
      <UniqueIdentifier>{93995380-89BD-4b04-88EB-625FBE52EBFB}</UniqueIdentifier>
      <Extensions>h;hh;hpp;hxx;hm;inl;inc;ipp;xsd</Extensions>
    </Filter>
    <Filter Include="include\xaml">
      <UniqueIdentifier>{db480663-db99-4f52-9f43-392fb6e6cd6b}</UniqueIdentifier>
    </Filter>
    <Filter Include="include\xaml\ui">
      <UniqueIdentifier>{76e878ec-8280-4a1c-a16a-cef057aa93cc}</UniqueIdentifier>
    </Filter>
    <Filter Include="src">
      <UniqueIdentifier>{4FC737F1-C7A5-4376-A066-2A32D752A2FF}</UniqueIdentifier>
      <Extensions>cpp;c;cc;cxx;def;odl;idl;hpj;bat;asm;asmx</Extensions>
    </Filter>
    <Filter Include="src\shared">
      <UniqueIdentifier>{ebdbc129-f909-4a4e-88c0-bd221059efbd}</UniqueIdentifier>
    </Filter>
    <Filter Include="src\winrt">
      <UniqueIdentifier>{bc60b0fa-c074-4465-b25a-78d2aa3d0f65}</UniqueIdentifier>
    </Filter>
  </ItemGroup>
  <ItemGroup>
    <None Include="packages.config" />
  </ItemGroup>
  <ItemGroup>
    <ClInclude Include="include\xaml\ui\application.hpp">
      <Filter>include\xaml\ui</Filter>
    </ClInclude>
    <ClInclude Include="include\xaml\ui\button.hpp">
      <Filter>include\xaml\ui</Filter>
    </ClInclude>
    <ClInclude Include="include\xaml\ui\canvas.hpp">
      <Filter>include\xaml\ui</Filter>
    </ClInclude>
    <ClInclude Include="include\xaml\ui\container.hpp">
      <Filter>include\xaml\ui</Filter>
    </ClInclude>
    <ClInclude Include="include\xaml\ui\control.hpp">
      <Filter>include\xaml\ui</Filter>
    </ClInclude>
    <ClInclude Include="include\xaml\ui\drawing.hpp">
      <Filter>include\xaml\ui</Filter>
    </ClInclude>
    <ClInclude Include="include\xaml\ui\entry.hpp">
      <Filter>include\xaml\ui</Filter>
    </ClInclude>
    <ClInclude Include="include\xaml\ui\grid.hpp">
      <Filter>include\xaml\ui</Filter>
    </ClInclude>
    <ClInclude Include="include\xaml\ui\label.hpp">
      <Filter>include\xaml\ui</Filter>
    </ClInclude>
    <ClInclude Include="include\xaml\ui\meta.hpp">
      <Filter>include\xaml\ui</Filter>
    </ClInclude>
    <ClInclude Include="include\xaml\ui\msgbox.hpp">
      <Filter>include\xaml\ui</Filter>
    </ClInclude>
    <ClInclude Include="include\xaml\ui\objc.hpp">
      <Filter>include\xaml\ui</Filter>
    </ClInclude>
    <ClInclude Include="include\xaml\ui\password_entry.hpp">
      <Filter>include\xaml\ui</Filter>
    </ClInclude>
    <ClInclude Include="include\xaml\ui\screen.hpp">
      <Filter>include\xaml\ui</Filter>
    </ClInclude>
    <ClInclude Include="include\xaml\ui\timer.hpp">
      <Filter>include\xaml\ui</Filter>
    </ClInclude>
    <ClInclude Include="include\xaml\ui\window.hpp">
      <Filter>include\xaml\ui</Filter>
    </ClInclude>
    <ClInclude Include="src\shared\atomic_guard.hpp">
      <Filter>src\shared</Filter>
    </ClInclude>
    <ClInclude Include="src\shared\grid.hpp">
      <Filter>src\shared</Filter>
    </ClInclude>
    <ClInclude Include="src\winrt\drawing.hpp">
      <Filter>src\winrt</Filter>
    </ClInclude>
  </ItemGroup>
  <ItemGroup>
    <ClCompile Include="src\shared\application.cpp">
      <Filter>src\shared</Filter>
    </ClCompile>
    <ClCompile Include="src\shared\canvas.cpp">
      <Filter>src\shared</Filter>
    </ClCompile>
    <ClCompile Include="src\shared\container.cpp">
      <Filter>src\shared</Filter>
    </ClCompile>
    <ClCompile Include="src\shared\control.cpp">
      <Filter>src\shared</Filter>
    </ClCompile>
    <ClCompile Include="src\shared\entry.cpp">
      <Filter>src\shared</Filter>
    </ClCompile>
    <ClCompile Include="src\shared\grid.cpp">
      <Filter>src\shared</Filter>
    </ClCompile>
    <ClCompile Include="src\shared\label.cpp">
      <Filter>src\shared</Filter>
    </ClCompile>
    <ClCompile Include="src\shared\password_entry.cpp">
      <Filter>src\shared</Filter>
    </ClCompile>
    <ClCompile Include="src\winrt\application.cpp">
      <Filter>src\winrt</Filter>
    </ClCompile>
    <ClCompile Include="src\winrt\canvas.cpp">
      <Filter>src\winrt</Filter>
    </ClCompile>
    <ClCompile Include="src\winrt\control.cpp">
      <Filter>src\winrt</Filter>
    </ClCompile>
    <ClCompile Include="src\winrt\grid.cpp">
      <Filter>src\winrt</Filter>
    </ClCompile>
    <ClCompile Include="src\winrt\button.cpp">
      <Filter>src\winrt</Filter>
    </ClCompile>
    <ClCompile Include="src\winrt\label.cpp">
      <Filter>src\winrt</Filter>
    </ClCompile>
    <ClCompile Include="src\winrt\entry.cpp">
      <Filter>src\winrt</Filter>
    </ClCompile>
    <ClCompile Include="src\winrt\password_entry.cpp">
      <Filter>src\winrt</Filter>
    </ClCompile>
  </ItemGroup>
</Project>